
Microsoft Visual Studio Solution File, Format Version 12.00
# Visual Studio Version 16
VisualStudioVersion = 16.0.30804.86
MinimumVisualStudioVersion = 10.0.40219.1
Project("{FAE04EC0-301F-11D3-BF4B-00C04F79EFBC}") = "RabbitMqProducer", "RabbitMqProducer\RabbitMqProducer.csproj", "{65DE590F-4600-49CA-886F-D1AFD45D9668}"
EndProject
Project("{FAE04EC0-301F-11D3-BF4B-00C04F79EFBC}") = "RabbitMqConsumer", "RabbitMqConsumer\RabbitMqConsumer.csproj", "{8550A995-9957-48C5-84C9-4611C956122D}"
EndProject
Global
	GlobalSection(SolutionConfigurationPlatforms) = preSolution
		Debug|Any CPU = Debug|Any CPU
		Release|Any CPU = Release|Any CPU
	EndGlobalSection
	GlobalSection(ProjectConfigurationPlatforms) = postSolution
		{65DE590F-4600-49CA-886F-D1AFD45D9668}.Debug|Any CPU.ActiveCfg = Debug|Any CPU
		{65DE590F-4600-49CA-886F-D1AFD45D9668}.Debug|Any CPU.Build.0 = Debug|Any CPU
		{65DE590F-4600-49CA-886F-D1AFD45D9668}.Release|Any CPU.ActiveCfg = Release|Any CPU
		{65DE590F-4600-49CA-886F-D1AFD45D9668}.Release|Any CPU.Build.0 = Release|Any CPU
		{8550A995-9957-48C5-84C9-4611C956122D}.Debug|Any CPU.ActiveCfg = Debug|Any CPU
		{8550A995-9957-48C5-84C9-4611C956122D}.Debug|Any CPU.Build.0 = Debug|Any CPU
		{8550A995-9957-48C5-84C9-4611C956122D}.Release|Any CPU.ActiveCfg = Release|Any CPU
		{8550A995-9957-48C5-84C9-4611C956122D}.Release|Any CPU.Build.0 = Release|Any CPU
	EndGlobalSection
	GlobalSection(SolutionProperties) = preSolution
		HideSolutionNode = FALSE
	EndGlobalSection
	GlobalSection(ExtensibilityGlobals) = postSolution
		SolutionGuid = {2A8502AA-8956-41F1-879A-E3B3391A6ACE}
	EndGlobalSection
EndGlobal
